
Microsoft Visual Studio Solution File, Format Version 12.00
# Visual Studio Version 17
VisualStudioVersion = 17.11.35431.28
MinimumVisualStudioVersion = 10.0.40219.1
Project("{FAE04EC0-301F-11D3-BF4B-00C04F79EFBC}") = "Maui_projekti", "Maui_projekti\Maui_projekti.csproj", "{A925C3BE-672C-431E-AF07-0A1A9E674CA9}"
EndProject
Global
	GlobalSection(SolutionConfigurationPlatforms) = preSolution
		Debug|Any CPU = Debug|Any CPU
		Release|Any CPU = Release|Any CPU
	EndGlobalSection
	GlobalSection(ProjectConfigurationPlatforms) = postSolution
		{A925C3BE-672C-431E-AF07-0A1A9E674CA9}.Debug|Any CPU.ActiveCfg = Debug|Any CPU
		{A925C3BE-672C-431E-AF07-0A1A9E674CA9}.Debug|Any CPU.Build.0 = Debug|Any CPU
		{A925C3BE-672C-431E-AF07-0A1A9E674CA9}.Debug|Any CPU.Deploy.0 = Debug|Any CPU
		{A925C3BE-672C-431E-AF07-0A1A9E674CA9}.Release|Any CPU.ActiveCfg = Release|Any CPU
		{A925C3BE-672C-431E-AF07-0A1A9E674CA9}.Release|Any CPU.Build.0 = Release|Any CPU
		{A925C3BE-672C-431E-AF07-0A1A9E674CA9}.Release|Any CPU.Deploy.0 = Release|Any CPU
	EndGlobalSection
	GlobalSection(SolutionProperties) = preSolution
		HideSolutionNode = FALSE
	EndGlobalSection
	GlobalSection(ExtensibilityGlobals) = postSolution
		SolutionGuid = {29263597-2B00-43A8-A174-11AF77BCB4F4}
	EndGlobalSection
EndGlobal
